Microsoft Visual Studio Solution File, Format Version 12.00
# Visual Studio Version 17
VisualStudioVersion = 17.5.2.0
MinimumVisualStudioVersion = 10.0.40219.1
Project("{FAE04EC0-301F-11D3-BF4B-00C04F79EFBC}") = "gitbook2pdf.net", "gitbook2pdf.net\gitbook2pdf.net.csproj", "{3DE310C6-AA22-A43B-7AC5-304F0FA5E0A9}"
EndProject
Global
	GlobalSection(SolutionConfigurationPlatforms) = preSolution
		Debug|Any CPU = Debug|Any CPU
		Release|Any CPU = Release|Any CPU
	EndGlobalSection
	GlobalSection(ProjectConfigurationPlatforms) = postSolution
		{3DE310C6-AA22-A43B-7AC5-304F0FA5E0A9}.Debug|Any CPU.ActiveCfg = Debug|Any CPU
		{3DE310C6-AA22-A43B-7AC5-304F0FA5E0A9}.Debug|Any CPU.Build.0 = Debug|Any CPU
		{3DE310C6-AA22-A43B-7AC5-304F0FA5E0A9}.Release|Any CPU.ActiveCfg = Release|Any CPU
		{3DE310C6-AA22-A43B-7AC5-304F0FA5E0A9}.Release|Any CPU.Build.0 = Release|Any CPU
	EndGlobalSection
	GlobalSection(SolutionProperties) = preSolution
		HideSolutionNode = FALSE
	EndGlobalSection
	GlobalSection(ExtensibilityGlobals) = postSolution
		SolutionGuid = {8C33E647-4127-4806-9599-AB1D4B8FF9AF}
	EndGlobalSection
EndGlobal
